// !$*UTF8*$!
{
	archiveVersion = 1;
	classes = {
	};
	objectVersion = 56;
	objects = {

/* Begin PBXBuildFile section */
		340F4E652AFD1DEE007B62CC /* HomeView.swift in Sources */ = {isa = PBXBuildFile; fileRef = 340F4E642AFD1DEE007B62CC /* HomeView.swift */; };
		340F4E692AFD1F2C007B62CC /* CircleButtonView.swift in Sources */ = {isa = PBXBuildFile; fileRef = 340F4E682AFD1F2C007B62CC /* CircleButtonView.swift */; };
		340F4E6B2AFD2350007B62CC /* CircleButtonAnimationView.swift in Sources */ = {isa = PBXBuildFile; fileRef = 340F4E6A2AFD2350007B62CC /* CircleButtonAnimationView.swift */; };
		340F4E6E2AFD296D007B62CC /* CoinModel.swift in Sources */ = {isa = PBXBuildFile; fileRef = 340F4E6D2AFD296D007B62CC /* CoinModel.swift */; };
		340F4E702AFD3065007B62CC /* CoinRowView.swift in Sources */ = {isa = PBXBuildFile; fileRef = 340F4E6F2AFD3065007B62CC /* CoinRowView.swift */; };
		340F4E722AFD30B3007B62CC /* PreviewProvider.swift in Sources */ = {isa = PBXBuildFile; fileRef = 340F4E712AFD30B3007B62CC /* PreviewProvider.swift */; };
		340F4E742AFD33E8007B62CC /* Double.swift in Sources */ = {isa = PBXBuildFile; fileRef = 340F4E732AFD33E8007B62CC /* Double.swift */; };
		341025A72B09080800613FDF /* MarketDataService.swift in Sources */ = {isa = PBXBuildFile; fileRef = 341025A62B09080800613FDF /* MarketDataService.swift */; };
		341025A92B09114700613FDF /* PortfolioView.swift in Sources */ = {isa = PBXBuildFile; fileRef = 341025A82B09114700613FDF /* PortfolioView.swift */; };
		341025AD2B092E6200613FDF /* CoinLogoView.swift in Sources */ = {isa = PBXBuildFile; fileRef = 341025AC2B092E6200613FDF /* CoinLogoView.swift */; };
		3417D3BF2AFCFC5100CE752D /* CryptoAppApp.swift in Sources */ = {isa = PBXBuildFile; fileRef = 3417D3BE2AFCFC5100CE752D /* CryptoAppApp.swift */; };
		3417D3C32AFCFC5500CE752D /* Assets.xcassets in Resources */ = {isa = PBXBuildFile; fileRef = 3417D3C22AFCFC5500CE752D /* Assets.xcassets */; };
		3417D3C62AFCFC5500CE752D /* Preview Assets.xcassets in Resources */ = {isa = PBXBuildFile; fileRef = 3417D3C52AFCFC5500CE752D /* Preview Assets.xcassets */; };
		3417D3CE2AFCFF4B00CE752D /* Color.swift in Sources */ = {isa = PBXBuildFile; fileRef = 3417D3CD2AFCFF4B00CE752D /* Color.swift */; };
		341AFF252B0A4B8B009EFB28 /* DoubleExtensionTests.swift in Sources */ = {isa = PBXBuildFile; fileRef = 341AFF242B0A4B8B009EFB28 /* DoubleExtensionTests.swift */; };
		3421B06E2B13BD1200F00856 /* DetailViewModel.swift in Sources */ = {isa = PBXBuildFile; fileRef = 3421B06D2B13BD1200F00856 /* DetailViewModel.swift */; };
		3421B0702B13BD3300F00856 /* CoinDetailDataService.swift in Sources */ = {isa = PBXBuildFile; fileRef = 3421B06F2B13BD3300F00856 /* CoinDetailDataService.swift */; };
		3422DBAC2B03E70C00E3B9C8 /* SearchBarView.swift in Sources */ = {isa = PBXBuildFile; fileRef = 3422DBAB2B03E70B00E3B9C8 /* SearchBarView.swift */; };
		3422DBAE2B03EAED00E3B9C8 /* UIApplication.swift in Sources */ = {isa = PBXBuildFile; fileRef = 3422DBAD2B03EAED00E3B9C8 /* UIApplication.swift */; };
		3434A8332AFFCA8800286A0F /* HomeViewModel.swift in Sources */ = {isa = PBXBuildFile; fileRef = 3434A8322AFFCA8800286A0F /* HomeViewModel.swift */; };
		3434A8362AFFCFC800286A0F /* CoinDataService.swift in Sources */ = {isa = PBXBuildFile; fileRef = 3434A8352AFFCFC800286A0F /* CoinDataService.swift */; };
		3434A8392AFFDA6100286A0F /* NetworkManager.swift in Sources */ = {isa = PBXBuildFile; fileRef = 3434A8382AFFDA6100286A0F /* NetworkManager.swift */; };
		3435D8742B1656F8005DD11A /* ChartView.swift in Sources */ = {isa = PBXBuildFile; fileRef = 3435D8732B1656F8005DD11A /* ChartView.swift */; };
		3435D8762B165FED005DD11A /* Date.swift in Sources */ = {isa = PBXBuildFile; fileRef = 3435D8752B165FED005DD11A /* Date.swift */; };
		344E14C02B07D06F00D2B305 /* StatisticModel.swift in Sources */ = {isa = PBXBuildFile; fileRef = 344E14BF2B07D06F00D2B305 /* StatisticModel.swift */; };
		344E14C22B07D15F00D2B305 /* StatisticView.swift in Sources */ = {isa = PBXBuildFile; fileRef = 344E14C12B07D15F00D2B305 /* StatisticView.swift */; };
		344E14C42B07D71700D2B305 /* HomeStatsView.swift in Sources */ = {isa = PBXBuildFile; fileRef = 344E14C32B07D71700D2B305 /* HomeStatsView.swift */; };
		344E14C62B07DC6100D2B305 /* MarketDataModel.swift in Sources */ = {isa = PBXBuildFile; fileRef = 344E14C52B07DC6100D2B305 /* MarketDataModel.swift */; };
		345706582B028F500015CEB7 /* CoinImageView.swift in Sources */ = {isa = PBXBuildFile; fileRef = 345706572B028F500015CEB7 /* CoinImageView.swift */; };
		3457065A2B0290F20015CEB7 /* CoinImageService.swift in Sources */ = {isa = PBXBuildFile; fileRef = 345706592B0290F20015CEB7 /* CoinImageService.swift */; };
		3457065C2B0292E10015CEB7 /* CoinImageViewModel.swift in Sources */ = {isa = PBXBuildFile; fileRef = 3457065B2B0292E10015CEB7 /* CoinImageViewModel.swift */; };
		3457065E2B029A270015CEB7 /* LocalFileManager.swift in Sources */ = {isa = PBXBuildFile; fileRef = 3457065D2B029A270015CEB7 /* LocalFileManager.swift */; };
		348A76AE2B1260AC0025A415 /* DetailView.swift in Sources */ = {isa = PBXBuildFile; fileRef = 348A76AD2B1260AC0025A415 /* DetailView.swift */; };
		349F0C4F2B13625B002138C4 /* CoinDetailModel.swift in Sources */ = {isa = PBXBuildFile; fileRef = 349F0C4E2B13625B002138C4 /* CoinDetailModel.swift */; };
		34DA580A2B18FC6800F75C89 /* SettingsView.swift in Sources */ = {isa = PBXBuildFile; fileRef = 34DA58092B18FC6800F75C89 /* SettingsView.swift */; };
		34DF97492B18E4740048DC0F /* String.swift in Sources */ = {isa = PBXBuildFile; fileRef = 34DF97482B18E4740048DC0F /* String.swift */; };
		34F305172B0BCDA80025B4AC /* PortfolioContainer.xcdatamodeld in Sources */ = {isa = PBXBuildFile; fileRef = 34F305152B0BCDA80025B4AC /* PortfolioContainer.xcdatamodeld */; };
		34F305192B0BCEA80025B4AC /* PortfolioDataService.swift in Sources */ = {isa = PBXBuildFile; fileRef = 34F305182B0BCEA80025B4AC /* PortfolioDataService.swift */; };
		34F3A4AD2B1A587800953501 /* LaunchScreen.storyboard in Resources */ = {isa = PBXBuildFile; fileRef = 34F3A4AC2B1A587800953501 /* LaunchScreen.storyboard */; };
		34F3A4AF2B1A5AEE00953501 /* LaunchView.swift in Sources */ = {isa = PBXBuildFile; fileRef = 34F3A4AE2B1A5AEE00953501 /* LaunchView.swift */; };
		34FABF5C2B1117C200B9E5BF /* HapticManager.swift in Sources */ = {isa = PBXBuildFile; fileRef = 34FABF5B2B1117C200B9E5BF /* HapticManager.swift */; };
/* End PBXBuildFile section */

/* Begin PBXContainerItemProxy section */
		341AFF262B0A4B8B009EFB28 /* PBXContainerItemProxy */ = {
			isa = PBXContainerItemProxy;
			containerPortal = 3417D3B32AFCFC5100CE752D /* Project object */;
			proxyType = 1;
			remoteGlobalIDString = 3417D3BA2AFCFC5100CE752D;
			remoteInfo = CryptoApp;
		};
/* End PBXContainerItemProxy section */

/* Begin PBXFileReference section */
		340F4E642AFD1DEE007B62CC /* HomeView.swift */ = {isa = PBXFileReference; lastKnownFileType = sourcecode.swift; path = HomeView.swift; sourceTree = "<group>"; };
		340F4E682AFD1F2C007B62CC /* CircleButtonView.swift */ = {isa = PBXFileReference; lastKnownFileType = sourcecode.swift; path = CircleButtonView.swift; sourceTree = "<group>"; };
		340F4E6A2AFD2350007B62CC /* CircleButtonAnimationView.swift */ = {isa = PBXFileReference; lastKnownFileType = sourcecode.swift; path = CircleButtonAnimationView.swift; sourceTree = "<group>"; };
		340F4E6D2AFD296D007B62CC /* CoinModel.swift */ = {isa = PBXFileReference; lastKnownFileType = sourcecode.swift; path = CoinModel.swift; sourceTree = "<group>"; };
		340F4E6F2AFD3065007B62CC /* CoinRowView.swift */ = {isa = PBXFileReference; lastKnownFileType = sourcecode.swift; path = CoinRowView.swift; sourceTree = "<group>"; };
		340F4E712AFD30B3007B62CC /* PreviewProvider.swift */ = {isa = PBXFileReference; lastKnownFileType = sourcecode.swift; path = PreviewProvider.swift; sourceTree = "<group>"; };
		340F4E732AFD33E8007B62CC /* Double.swift */ = {isa = PBXFileReference; lastKnownFileType = sourcecode.swift; path = Double.swift; sourceTree = "<group>"; };
		341025A62B09080800613FDF /* MarketDataService.swift */ = {isa = PBXFileReference; lastKnownFileType = sourcecode.swift; path = MarketDataService.swift; sourceTree = "<group>"; };
		341025A82B09114700613FDF /* PortfolioView.swift */ = {isa = PBXFileReference; lastKnownFileType = sourcecode.swift; path = PortfolioView.swift; sourceTree = "<group>"; };
		341025AC2B092E6200613FDF /* CoinLogoView.swift */ = {isa = PBXFileReference; lastKnownFileType = sourcecode.swift; path = CoinLogoView.swift; sourceTree = "<group>"; };
		3417D3BB2AFCFC5100CE752D /* CryptoApp.app */ = {isa = PBXFileReference; explicitFileType = wrapper.application; includeInIndex = 0; path = CryptoApp.app; sourceTree = BUILT_PRODUCTS_DIR; };
		3417D3BE2AFCFC5100CE752D /* CryptoAppApp.swift */ = {isa = PBXFileReference; lastKnownFileType = sourcecode.swift; path = CryptoAppApp.swift; sourceTree = "<group>"; };
		3417D3C22AFCFC5500CE752D /* Assets.xcassets */ = {isa = PBXFileReference; lastKnownFileType = folder.assetcatalog; path = Assets.xcassets; sourceTree = "<group>"; };
		3417D3C52AFCFC5500CE752D /* Preview Assets.xcassets */ = {isa = PBXFileReference; lastKnownFileType = folder.assetcatalog; path = "Preview Assets.xcassets"; sourceTree = "<group>"; };
		3417D3CD2AFCFF4B00CE752D /* Color.swift */ = {isa = PBXFileReference; lastKnownFileType = sourcecode.swift; path = Color.swift; sourceTree = "<group>"; };
		341AFF222B0A4B8B009EFB28 /* CryptoAppTests.xctest */ = {isa = PBXFileReference; explicitFileType = wrapper.cfbundle; includeInIndex = 0; path = CryptoAppTests.xctest; sourceTree = BUILT_PRODUCTS_DIR; };
		341AFF242B0A4B8B009EFB28 /* DoubleExtensionTests.swift */ = {isa = PBXFileReference; lastKnownFileType = sourcecode.swift; path = DoubleExtensionTests.swift; sourceTree = "<group>"; };
		3421B06D2B13BD1200F00856 /* DetailViewModel.swift */ = {isa = PBXFileReference; lastKnownFileType = sourcecode.swift; path = DetailViewModel.swift; sourceTree = "<group>"; };
		3421B06F2B13BD3300F00856 /* CoinDetailDataService.swift */ = {isa = PBXFileReference; lastKnownFileType = sourcecode.swift; path = CoinDetailDataService.swift; sourceTree = "<group>"; };
		3422DBAB2B03E70B00E3B9C8 /* SearchBarView.swift */ = {isa = PBXFileReference; lastKnownFileType = sourcecode.swift; path = SearchBarView.swift; sourceTree = "<group>"; };
		3422DBAD2B03EAED00E3B9C8 /* UIApplication.swift */ = {isa = PBXFileReference; lastKnownFileType = sourcecode.swift; path = UIApplication.swift; sourceTree = "<group>"; };
		3434A8322AFFCA8800286A0F /* HomeViewModel.swift */ = {isa = PBXFileReference; lastKnownFileType = sourcecode.swift; path = HomeViewModel.swift; sourceTree = "<group>"; };
		3434A8352AFFCFC800286A0F /* CoinDataService.swift */ = {isa = PBXFileReference; lastKnownFileType = sourcecode.swift; path = CoinDataService.swift; sourceTree = "<group>"; };
		3434A8382AFFDA6100286A0F /* NetworkManager.swift */ = {isa = PBXFileReference; lastKnownFileType = sourcecode.swift; path = NetworkManager.swift; sourceTree = "<group>"; };
		3435D8732B1656F8005DD11A /* ChartView.swift */ = {isa = PBXFileReference; lastKnownFileType = sourcecode.swift; path = ChartView.swift; sourceTree = "<group>"; };
		3435D8752B165FED005DD11A /* Date.swift */ = {isa = PBXFileReference; lastKnownFileType = sourcecode.swift; path = Date.swift; sourceTree = "<group>"; };
		344E14BF2B07D06F00D2B305 /* StatisticModel.swift */ = {isa = PBXFileReference; lastKnownFileType = sourcecode.swift; path = StatisticModel.swift; sourceTree = "<group>"; };
		344E14C12B07D15F00D2B305 /* StatisticView.swift */ = {isa = PBXFileReference; lastKnownFileType = sourcecode.swift; path = StatisticView.swift; sourceTree = "<group>"; };
		344E14C32B07D71700D2B305 /* HomeStatsView.swift */ = {isa = PBXFileReference; lastKnownFileType = sourcecode.swift; path = HomeStatsView.swift; sourceTree = "<group>"; };
		344E14C52B07DC6100D2B305 /* MarketDataModel.swift */ = {isa = PBXFileReference; lastKnownFileType = sourcecode.swift; path = MarketDataModel.swift; sourceTree = "<group>"; };
		345706572B028F500015CEB7 /* CoinImageView.swift */ = {isa = PBXFileReference; lastKnownFileType = sourcecode.swift; path = CoinImageView.swift; sourceTree = "<group>"; };
		345706592B0290F20015CEB7 /* CoinImageService.swift */ = {isa = PBXFileReference; lastKnownFileType = sourcecode.swift; path = CoinImageService.swift; sourceTree = "<group>"; };
		3457065B2B0292E10015CEB7 /* CoinImageViewModel.swift */ = {isa = PBXFileReference; lastKnownFileType = sourcecode.swift; path = CoinImageViewModel.swift; sourceTree = "<group>"; };
		3457065D2B029A270015CEB7 /* LocalFileManager.swift */ = {isa = PBXFileReference; lastKnownFileType = sourcecode.swift; path = LocalFileManager.swift; sourceTree = "<group>"; };
		348A76AD2B1260AC0025A415 /* DetailView.swift */ = {isa = PBXFileReference; lastKnownFileType = sourcecode.swift; path = DetailView.swift; sourceTree = "<group>"; };
		349F0C4E2B13625B002138C4 /* CoinDetailModel.swift */ = {isa = PBXFileReference; lastKnownFileType = sourcecode.swift; path = CoinDetailModel.swift; sourceTree = "<group>"; };
		34DA58092B18FC6800F75C89 /* SettingsView.swift */ = {isa = PBXFileReference; lastKnownFileType = sourcecode.swift; path = SettingsView.swift; sourceTree = "<group>"; };
		34DF97482B18E4740048DC0F /* String.swift */ = {isa = PBXFileReference; lastKnownFileType = sourcecode.swift; path = String.swift; sourceTree = "<group>"; };
		34F305162B0BCDA80025B4AC /* PortfolioContainer.xcdatamodel */ = {isa = PBXFileReference; lastKnownFileType = wrapper.xcdatamodel; path = PortfolioContainer.xcdatamodel; sourceTree = "<group>"; };
		34F305182B0BCEA80025B4AC /* PortfolioDataService.swift */ = {isa = PBXFileReference; lastKnownFileType = sourcecode.swift; path = PortfolioDataService.swift; sourceTree = "<group>"; };
		34F3A4AC2B1A587800953501 /* LaunchScreen.storyboard */ = {isa = PBXFileReference; lastKnownFileType = file.storyboard; path = LaunchScreen.storyboard; sourceTree = "<group>"; };
		34F3A4AE2B1A5AEE00953501 /* LaunchView.swift */ = {isa = PBXFileReference; lastKnownFileType = sourcecode.swift; path = LaunchView.swift; sourceTree = "<group>"; };
		34FABF5B2B1117C200B9E5BF /* HapticManager.swift */ = {isa = PBXFileReference; lastKnownFileType = sourcecode.swift; path = HapticManager.swift; sourceTree = "<group>"; };
/* End PBXFileReference section */

/* Begin PBXFrameworksBuildPhase section */
		3417D3B82AFCFC5100CE752D /* Frameworks */ = {
			isa = PBXFrameworksBuildPhase;
			buildActionMask = 2147483647;
			files = (
			);
			runOnlyForDeploymentPostprocessing = 0;
		};
		341AFF1F2B0A4B8B009EFB28 /* Frameworks */ = {
			isa = PBXFrameworksBuildPhase;
			buildActionMask = 2147483647;
			files = (
			);
			runOnlyForDeploymentPostprocessing = 0;
		};
/* End PBXFrameworksBuildPhase section */

/* Begin PBXGroup section */
		340F4E602AFD1DB4007B62CC /* Core */ = {
			isa = PBXGroup;
			children = (
				340F4E662AFD1F0A007B62CC /* Components */,
				34F3A4AA2B1A584700953501 /* Launch */,
				340F4E612AFD1DBF007B62CC /* Home */,
				348A76AA2B12606F0025A415 /* Detail */,
			);
			path = Core;
			sourceTree = "<group>";
		};
		340F4E612AFD1DBF007B62CC /* Home */ = {
			isa = PBXGroup;
			children = (
				340F4E632AFD1DCF007B62CC /* ViewModels */,
				340F4E622AFD1DCA007B62CC /* Views */,
			);
			path = Home;
			sourceTree = "<group>";
		};
		340F4E622AFD1DCA007B62CC /* Views */ = {
			isa = PBXGroup;
			children = (
				340F4E642AFD1DEE007B62CC /* HomeView.swift */,
				344E14C32B07D71700D2B305 /* HomeStatsView.swift */,
				340F4E6F2AFD3065007B62CC /* CoinRowView.swift */,
				341025A82B09114700613FDF /* PortfolioView.swift */,
			);
			path = Views;
			sourceTree = "<group>";
		};
		340F4E632AFD1DCF007B62CC /* ViewModels */ = {
			isa = PBXGroup;
			children = (
				3434A8322AFFCA8800286A0F /* HomeViewModel.swift */,
			);
			path = ViewModels;
			sourceTree = "<group>";
		};
		340F4E662AFD1F0A007B62CC /* Components */ = {
			isa = PBXGroup;
			children = (
				345706562B028F3F0015CEB7 /* CoinImage */,
				340F4E672AFD1F1D007B62CC /* CircleButton */,
				3422DBAB2B03E70B00E3B9C8 /* SearchBarView.swift */,
				344E14C12B07D15F00D2B305 /* StatisticView.swift */,
			);
			path = Components;
			sourceTree = "<group>";
		};
		340F4E672AFD1F1D007B62CC /* CircleButton */ = {
			isa = PBXGroup;
			children = (
				340F4E682AFD1F2C007B62CC /* CircleButtonView.swift */,
				340F4E6A2AFD2350007B62CC /* CircleButtonAnimationView.swift */,
			);
			path = CircleButton;
			sourceTree = "<group>";
		};
		340F4E6C2AFD295B007B62CC /* Models */ = {
			isa = PBXGroup;
			children = (
				340F4E6D2AFD296D007B62CC /* CoinModel.swift */,
				349F0C4E2B13625B002138C4 /* CoinDetailModel.swift */,
				344E14BF2B07D06F00D2B305 /* StatisticModel.swift */,
				344E14C52B07DC6100D2B305 /* MarketDataModel.swift */,
				34F305152B0BCDA80025B4AC /* PortfolioContainer.xcdatamodeld */,
			);
			path = Models;
			sourceTree = "<group>";
		};
		3417D3B22AFCFC5100CE752D = {
			isa = PBXGroup;
			children = (
				3417D3BD2AFCFC5100CE752D /* CryptoApp */,
				341AFF232B0A4B8B009EFB28 /* CryptoAppTests */,
				3417D3BC2AFCFC5100CE752D /* Products */,
			);
			sourceTree = "<group>";
		};
		3417D3BC2AFCFC5100CE752D /* Products */ = {
			isa = PBXGroup;
			children = (
				3417D3BB2AFCFC5100CE752D /* CryptoApp.app */,
				341AFF222B0A4B8B009EFB28 /* CryptoAppTests.xctest */,
			);
			name = Products;
			sourceTree = "<group>";
		};
		3417D3BD2AFCFC5100CE752D /* CryptoApp */ = {
			isa = PBXGroup;
			children = (
				3417D3BE2AFCFC5100CE752D /* CryptoAppApp.swift */,
				3417D3CC2AFCFF3900CE752D /* Extensions */,
				3434A8342AFFCFA300286A0F /* Services */,
				3434A8372AFFDA3900286A0F /* Utilities */,
				340F4E6C2AFD295B007B62CC /* Models */,
				340F4E602AFD1DB4007B62CC /* Core */,
				34DA58072B18FC0600F75C89 /* Settings */,
				3417D3C22AFCFC5500CE752D /* Assets.xcassets */,
				3417D3C42AFCFC5500CE752D /* Preview Content */,
			);
			path = CryptoApp;
			sourceTree = "<group>";
		};
		3417D3C42AFCFC5500CE752D /* Preview Content */ = {
			isa = PBXGroup;
			children = (
				3417D3C52AFCFC5500CE752D /* Preview Assets.xcassets */,
			);
			path = "Preview Content";
			sourceTree = "<group>";
		};
		3417D3CC2AFCFF3900CE752D /* Extensions */ = {
			isa = PBXGroup;
			children = (
				3417D3CD2AFCFF4B00CE752D /* Color.swift */,
				340F4E732AFD33E8007B62CC /* Double.swift */,
				340F4E712AFD30B3007B62CC /* PreviewProvider.swift */,
				3422DBAD2B03EAED00E3B9C8 /* UIApplication.swift */,
				3435D8752B165FED005DD11A /* Date.swift */,
				34DF97482B18E4740048DC0F /* String.swift */,
			);
			path = Extensions;
			sourceTree = "<group>";
		};
		341AFF232B0A4B8B009EFB28 /* CryptoAppTests */ = {
			isa = PBXGroup;
			children = (
				341AFF242B0A4B8B009EFB28 /* DoubleExtensionTests.swift */,
			);
			path = CryptoAppTests;
			sourceTree = "<group>";
		};
		3434A8342AFFCFA300286A0F /* Services */ = {
			isa = PBXGroup;
			children = (
				3434A8352AFFCFC800286A0F /* CoinDataService.swift */,
				3421B06F2B13BD3300F00856 /* CoinDetailDataService.swift */,
				345706592B0290F20015CEB7 /* CoinImageService.swift */,
				341025A62B09080800613FDF /* MarketDataService.swift */,
				34F305182B0BCEA80025B4AC /* PortfolioDataService.swift */,
			);
			path = Services;
			sourceTree = "<group>";
		};
		3434A8372AFFDA3900286A0F /* Utilities */ = {
			isa = PBXGroup;
			children = (
				3434A8382AFFDA6100286A0F /* NetworkManager.swift */,
				3457065D2B029A270015CEB7 /* LocalFileManager.swift */,
				34FABF5B2B1117C200B9E5BF /* HapticManager.swift */,
			);
			path = Utilities;
			sourceTree = "<group>";
		};
		345706562B028F3F0015CEB7 /* CoinImage */ = {
			isa = PBXGroup;
			children = (
				345706572B028F500015CEB7 /* CoinImageView.swift */,
				3457065B2B0292E10015CEB7 /* CoinImageViewModel.swift */,
				341025AC2B092E6200613FDF /* CoinLogoView.swift */,
			);
			path = CoinImage;
			sourceTree = "<group>";
		};
		348A76AA2B12606F0025A415 /* Detail */ = {
			isa = PBXGroup;
			children = (
				348A76AB2B1260880025A415 /* ViewModels */,
				348A76AC2B1260910025A415 /* Views */,
			);
			path = Detail;
			sourceTree = "<group>";
		};
		348A76AB2B1260880025A415 /* ViewModels */ = {
			isa = PBXGroup;
			children = (
				3421B06D2B13BD1200F00856 /* DetailViewModel.swift */,
			);
			path = ViewModels;
			sourceTree = "<group>";
		};
		348A76AC2B1260910025A415 /* Views */ = {
			isa = PBXGroup;
			children = (
				348A76AD2B1260AC0025A415 /* DetailView.swift */,
				3435D8732B1656F8005DD11A /* ChartView.swift */,
			);
			path = Views;
			sourceTree = "<group>";
		};
		34DA58072B18FC0600F75C89 /* Settings */ = {
			isa = PBXGroup;
			children = (
				34DA58082B18FC5100F75C89 /* Views */,
			);
			path = Settings;
			sourceTree = "<group>";
		};
		34DA58082B18FC5100F75C89 /* Views */ = {
			isa = PBXGroup;
			children = (
				34DA58092B18FC6800F75C89 /* SettingsView.swift */,
			);
			path = Views;
			sourceTree = "<group>";
		};
		34F3A4AA2B1A584700953501 /* Launch */ = {
			isa = PBXGroup;
			children = (
				34F3A4AB2B1A585A00953501 /* Views */,
			);
			path = Launch;
			sourceTree = "<group>";
		};
		34F3A4AB2B1A585A00953501 /* Views */ = {
			isa = PBXGroup;
			children = (
				34F3A4AC2B1A587800953501 /* LaunchScreen.storyboard */,
				34F3A4AE2B1A5AEE00953501 /* LaunchView.swift */,
			);
			path = Views;
			sourceTree = "<group>";
		};
/* End PBXGroup section */

/* Begin PBXNativeTarget section */
		3417D3BA2AFCFC5100CE752D /* CryptoApp */ = {
			isa = PBXNativeTarget;
			buildConfigurationList = 3417D3C92AFCFC5500CE752D /* Build configuration list for PBXNativeTarget "CryptoApp" */;
			buildPhases = (
				3417D3B72AFCFC5100CE752D /* Sources */,
				3417D3B82AFCFC5100CE752D /* Frameworks */,
				3417D3B92AFCFC5100CE752D /* Resources */,
			);
			buildRules = (
			);
			dependencies = (
			);
			name = CryptoApp;
			productName = CryptoApp;
			productReference = 3417D3BB2AFCFC5100CE752D /* CryptoApp.app */;
			productType = "com.apple.product-type.application";
		};
		341AFF212B0A4B8B009EFB28 /* CryptoAppTests */ = {
			isa = PBXNativeTarget;
			buildConfigurationList = 341AFF2A2B0A4B8C009EFB28 /* Build configuration list for PBXNativeTarget "CryptoAppTests" */;
			buildPhases = (
				341AFF1E2B0A4B8B009EFB28 /* Sources */,
				341AFF1F2B0A4B8B009EFB28 /* Frameworks */,
				341AFF202B0A4B8B009EFB28 /* Resources */,
			);
			buildRules = (
			);
			dependencies = (
				341AFF272B0A4B8B009EFB28 /* PBXTargetDependency */,
			);
			name = CryptoAppTests;
			productName = CryptoAppTests;
			productReference = 341AFF222B0A4B8B009EFB28 /* CryptoAppTests.xctest */;
			productType = "com.apple.product-type.bundle.unit-test";
		};
/* End PBXNativeTarget section */

/* Begin PBXProject section */
		3417D3B32AFCFC5100CE752D /* Project object */ = {
			isa = PBXProject;
			attributes = {
				BuildIndependentTargetsInParallel = 1;
				LastSwiftUpdateCheck = 1430;
				LastUpgradeCheck = 1430;
				TargetAttributes = {
					3417D3BA2AFCFC5100CE752D = {
						CreatedOnToolsVersion = 14.3.1;
					};
					341AFF212B0A4B8B009EFB28 = {
						CreatedOnToolsVersion = 14.3.1;
						TestTargetID = 3417D3BA2AFCFC5100CE752D;
					};
				};
			};
			buildConfigurationList = 3417D3B62AFCFC5100CE752D /* Build configuration list for PBXProject "CryptoApp" */;
			compatibilityVersion = "Xcode 14.0";
			developmentRegion = en;
			hasScannedForEncodings = 0;
			knownRegions = (
				en,
				Base,
			);
			mainGroup = 3417D3B22AFCFC5100CE752D;
			productRefGroup = 3417D3BC2AFCFC5100CE752D /* Products */;
			projectDirPath = "";
			projectRoot = "";
			targets = (
				3417D3BA2AFCFC5100CE752D /* CryptoApp */,
				341AFF212B0A4B8B009EFB28 /* CryptoAppTests */,
			);
		};
/* End PBXProject section */

/* Begin PBXResourcesBuildPhase section */
		3417D3B92AFCFC5100CE752D /* Resources */ = {
			isa = PBXResourcesBuildPhase;
			buildActionMask = 2147483647;
			files = (
				34F3A4AD2B1A587800953501 /* LaunchScreen.storyboard in Resources */,
				3417D3C62AFCFC5500CE752D /* Preview Assets.xcassets in Resources */,
				3417D3C32AFCFC5500CE752D /* Assets.xcassets in Resources */,
			);
			runOnlyForDeploymentPostprocessing = 0;
		};
		341AFF202B0A4B8B009EFB28 /* Resources */ = {
			isa = PBXResourcesBuildPhase;
			buildActionMask = 2147483647;
			files = (
			);
			runOnlyForDeploymentPostprocessing = 0;
		};
/* End PBXResourcesBuildPhase section */

/* Begin PBXSourcesBuildPhase section */
		3417D3B72AFCFC5100CE752D /* Sources */ = {
			isa = PBXSourcesBuildPhase;
			buildActionMask = 2147483647;
			files = (
				344E14C02B07D06F00D2B305 /* StatisticModel.swift in Sources */,
				3434A8362AFFCFC800286A0F /* CoinDataService.swift in Sources */,
				341025AD2B092E6200613FDF /* CoinLogoView.swift in Sources */,
				340F4E702AFD3065007B62CC /* CoinRowView.swift in Sources */,
				3434A8332AFFCA8800286A0F /* HomeViewModel.swift in Sources */,
				34F305172B0BCDA80025B4AC /* PortfolioContainer.xcdatamodeld in Sources */,
				34DA580A2B18FC6800F75C89 /* SettingsView.swift in Sources */,
				34F3A4AF2B1A5AEE00953501 /* LaunchView.swift in Sources */,
				3434A8392AFFDA6100286A0F /* NetworkManager.swift in Sources */,
				3457065E2B029A270015CEB7 /* LocalFileManager.swift in Sources */,
				349F0C4F2B13625B002138C4 /* CoinDetailModel.swift in Sources */,
				344E14C62B07DC6100D2B305 /* MarketDataModel.swift in Sources */,
				344E14C22B07D15F00D2B305 /* StatisticView.swift in Sources */,
				345706582B028F500015CEB7 /* CoinImageView.swift in Sources */,
				340F4E652AFD1DEE007B62CC /* HomeView.swift in Sources */,
				348A76AE2B1260AC0025A415 /* DetailView.swift in Sources */,
				3421B06E2B13BD1200F00856 /* DetailViewModel.swift in Sources */,
				3435D8762B165FED005DD11A /* Date.swift in Sources */,
				3422DBAE2B03EAED00E3B9C8 /* UIApplication.swift in Sources */,
				3417D3BF2AFCFC5100CE752D /* CryptoAppApp.swift in Sources */,
				340F4E692AFD1F2C007B62CC /* CircleButtonView.swift in Sources */,
				3422DBAC2B03E70C00E3B9C8 /* SearchBarView.swift in Sources */,
				3417D3CE2AFCFF4B00CE752D /* Color.swift in Sources */,
				34F305192B0BCEA80025B4AC /* PortfolioDataService.swift in Sources */,
				344E14C42B07D71700D2B305 /* HomeStatsView.swift in Sources */,
				341025A72B09080800613FDF /* MarketDataService.swift in Sources */,
				340F4E6B2AFD2350007B62CC /* CircleButtonAnimationView.swift in Sources */,
				3457065C2B0292E10015CEB7 /* CoinImageViewModel.swift in Sources */,
				340F4E722AFD30B3007B62CC /* PreviewProvider.swift in Sources */,
				3435D8742B1656F8005DD11A /* ChartView.swift in Sources */,
				34FABF5C2B1117C200B9E5BF /* HapticManager.swift in Sources */,
				34DF97492B18E4740048DC0F /* String.swift in Sources */,
				341025A92B09114700613FDF /* PortfolioView.swift in Sources */,
				3421B0702B13BD3300F00856 /* CoinDetailDataService.swift in Sources */,
				340F4E742AFD33E8007B62CC /* Double.swift in Sources */,
				3457065A2B0290F20015CEB7 /* CoinImageService.swift in Sources */,
				340F4E6E2AFD296D007B62CC /* CoinModel.swift in Sources */,
			);
			runOnlyForDeploymentPostprocessing = 0;
		};
		341AFF1E2B0A4B8B009EFB28 /* Sources */ = {
			isa = PBXSourcesBuildPhase;
			buildActionMask = 2147483647;
			files = (
				341AFF252B0A4B8B009EFB28 /* DoubleExtensionTests.swift in Sources */,
			);
			runOnlyForDeploymentPostprocessing = 0;
		};
/* End PBXSourcesBuildPhase section */

/* Begin PBXTargetDependency section */
		341AFF272B0A4B8B009EFB28 /* PBXTargetDependency */ = {
			isa = PBXTargetDependency;
			target = 3417D3BA2AFCFC5100CE752D /* CryptoApp */;
			targetProxy = 341AFF262B0A4B8B009EFB28 /* PBXContainerItemProxy */;
		};
/* End PBXTargetDependency section */

/* Begin XCBuildConfiguration section */
		3417D3C72AFCFC5500CE752D /* Debug */ = {
			isa = XCBuildConfiguration;
			buildSettings = {
				ALWAYS_SEARCH_USER_PATHS = NO;
				CLANG_ANALYZER_NONNULL = YES;
				CLANG_ANALYZER_NUMBER_OBJECT_CONVERSION = YES_AGGRESSIVE;
				CLANG_CXX_LANGUAGE_STANDARD = "gnu++20";
				CLANG_ENABLE_MODULES = YES;
				CLANG_ENABLE_OBJC_ARC = YES;
				CLANG_ENABLE_OBJC_WEAK = YES;
				CLANG_WARN_BLOCK_CAPTURE_AUTORELEASING = YES;
				CLANG_WARN_BOOL_CONVERSION = YES;
				CLANG_WARN_COMMA = YES;
				CLANG_WARN_CONSTANT_CONVERSION = YES;
				CLANG_WARN_DEPRECATED_OBJC_IMPLEMENTATIONS = YES;
				CLANG_WARN_DIRECT_OBJC_ISA_USAGE = YES_ERROR;
				CLANG_WARN_DOCUMENTATION_COMMENTS = YES;
				CLANG_WARN_EMPTY_BODY = YES;
				CLANG_WARN_ENUM_CONVERSION = YES;
				CLANG_WARN_INFINITE_RECURSION = YES;
				CLANG_WARN_INT_CONVERSION = YES;
				CLANG_WARN_NON_LITERAL_NULL_CONVERSION = YES;
				CLANG_WARN_OBJC_IMPLICIT_RETAIN_SELF = YES;
				CLANG_WARN_OBJC_LITERAL_CONVERSION = YES;
				CLANG_WARN_OBJC_ROOT_CLASS = YES_ERROR;
				CLANG_WARN_QUOTED_INCLUDE_IN_FRAMEWORK_HEADER = YES;
				CLANG_WARN_RANGE_LOOP_ANALYSIS = YES;
				CLANG_WARN_STRICT_PROTOTYPES = YES;
				CLANG_WARN_SUSPICIOUS_MOVE = YES;
				CLANG_WARN_UNGUARDED_AVAILABILITY = YES_AGGRESSIVE;
				CLANG_WARN_UNREACHABLE_CODE = YES;
				CLANG_WARN__DUPLICATE_METHOD_MATCH = YES;
				COPY_PHASE_STRIP = NO;
				DEBUG_INFORMATION_FORMAT = dwarf;
				ENABLE_STRICT_OBJC_MSGSEND = YES;
				ENABLE_TESTABILITY = YES;
				GCC_C_LANGUAGE_STANDARD = gnu11;
				GCC_DYNAMIC_NO_PIC = NO;
				GCC_NO_COMMON_BLOCKS = YES;
				GCC_OPTIMIZATION_LEVEL = 0;
				GCC_PREPROCESSOR_DEFINITIONS = (
					"DEBUG=1",
					"$(inherited)",
				);
				GCC_WARN_64_TO_32_BIT_CONVERSION = YES;
				GCC_WARN_ABOUT_RETURN_TYPE = YES_ERROR;
				GCC_WARN_UNDECLARED_SELECTOR = YES;
				GCC_WARN_UNINITIALIZED_AUTOS = YES_AGGRESSIVE;
				GCC_WARN_UNUSED_FUNCTION = YES;
				GCC_WARN_UNUSED_VARIABLE = YES;
				IPHONEOS_DEPLOYMENT_TARGET = 16.4;
				MTL_ENABLE_DEBUG_INFO = INCLUDE_SOURCE;
				MTL_FAST_MATH = YES;
				ONLY_ACTIVE_ARCH = YES;
				SDKROOT = iphoneos;
				SWIFT_ACTIVE_COMPILATION_CONDITIONS = DEBUG;
				SWIFT_OPTIMIZATION_LEVEL = "-Onone";
			};
			name = Debug;
		};
		3417D3C82AFCFC5500CE752D /* Release */ = {
			isa = XCBuildConfiguration;
			buildSettings = {
				ALWAYS_SEARCH_USER_PATHS = NO;
				CLANG_ANALYZER_NONNULL = YES;
				CLANG_ANALYZER_NUMBER_OBJECT_CONVERSION = YES_AGGRESSIVE;
				CLANG_CXX_LANGUAGE_STANDARD = "gnu++20";
				CLANG_ENABLE_MODULES = YES;
				CLANG_ENABLE_OBJC_ARC = YES;
				CLANG_ENABLE_OBJC_WEAK = YES;
				CLANG_WARN_BLOCK_CAPTURE_AUTORELEASING = YES;
				CLANG_WARN_BOOL_CONVERSION = YES;
				CLANG_WARN_COMMA = YES;
				CLANG_WARN_CONSTANT_CONVERSION = YES;
				CLANG_WARN_DEPRECATED_OBJC_IMPLEMENTATIONS = YES;
				CLANG_WARN_DIRECT_OBJC_ISA_USAGE = YES_ERROR;
				CLANG_WARN_DOCUMENTATION_COMMENTS = YES;
				CLANG_WARN_EMPTY_BODY = YES;
				CLANG_WARN_ENUM_CONVERSION = YES;
				CLANG_WARN_INFINITE_RECURSION = YES;
				CLANG_WARN_INT_CONVERSION = YES;
				CLANG_WARN_NON_LITERAL_NULL_CONVERSION = YES;
				CLANG_WARN_OBJC_IMPLICIT_RETAIN_SELF = YES;
				CLANG_WARN_OBJC_LITERAL_CONVERSION = YES;
				CLANG_WARN_OBJC_ROOT_CLASS = YES_ERROR;
				CLANG_WARN_QUOTED_INCLUDE_IN_FRAMEWORK_HEADER = YES;
				CLANG_WARN_RANGE_LOOP_ANALYSIS = YES;
				CLANG_WARN_STRICT_PROTOTYPES = YES;
				CLANG_WARN_SUSPICIOUS_MOVE = YES;
				CLANG_WARN_UNGUARDED_AVAILABILITY = YES_AGGRESSIVE;
				CLANG_WARN_UNREACHABLE_CODE = YES;
				CLANG_WARN__DUPLICATE_METHOD_MATCH = YES;
				COPY_PHASE_STRIP = NO;
				DEBUG_INFORMATION_FORMAT = "dwarf-with-dsym";
				ENABLE_NS_ASSERTIONS = NO;
				ENABLE_STRICT_OBJC_MSGSEND = YES;
				GCC_C_LANGUAGE_STANDARD = gnu11;
				GCC_NO_COMMON_BLOCKS = YES;
				GCC_WARN_64_TO_32_BIT_CONVERSION = YES;
				GCC_WARN_ABOUT_RETURN_TYPE = YES_ERROR;
				GCC_WARN_UNDECLARED_SELECTOR = YES;
				GCC_WARN_UNINITIALIZED_AUTOS = YES_AGGRESSIVE;
				GCC_WARN_UNUSED_FUNCTION = YES;
				GCC_WARN_UNUSED_VARIABLE = YES;
				IPHONEOS_DEPLOYMENT_TARGET = 16.4;
				MTL_ENABLE_DEBUG_INFO = NO;
				MTL_FAST_MATH = YES;
				SDKROOT = iphoneos;
				SWIFT_COMPILATION_MODE = wholemodule;
				SWIFT_OPTIMIZATION_LEVEL = "-O";
				VALIDATE_PRODUCT = YES;
			};
			name = Release;
		};
		3417D3CA2AFCFC5500CE752D /* Debug */ = {
			isa = XCBuildConfiguration;
			buildSettings = {
				ASSETCATALOG_COMPILER_APPICON_NAME = AppIcon;
				ASSETCATALOG_COMPILER_GLOBAL_ACCENT_COLOR_NAME = AccentColor;
				CODE_SIGN_STYLE = Automatic;
				CURRENT_PROJECT_VERSION = 1;
				DEVELOPMENT_ASSET_PATHS = "\"CryptoApp/Preview Content\"";
				DEVELOPMENT_TEAM = 4XAMG487KR;
				ENABLE_PREVIEWS = YES;
				GENERATE_INFOPLIST_FILE = YES;
				INFOPLIST_KEY_CFBundleDisplayName = "Crypto App";
				INFOPLIST_KEY_UIApplicationSceneManifest_Generation = YES;
				INFOPLIST_KEY_UIApplicationSupportsIndirectInputEvents = YES;
				INFOPLIST_KEY_UILaunchStoryboardName = LaunchScreen.storyboard;
				INFOPLIST_KEY_UISupportedInterfaceOrientations = UIInterfaceOrientationPortrait;
				INFOPLIST_KEY_UISupportedInterfaceOrientations_iPad = "UIInterfaceOrientationPortrait UIInterfaceOrientationPortraitUpsideDown";
				LD_RUNPATH_SEARCH_PATHS = (
					"$(inherited)",
					"@executable_path/Frameworks",
				);
				MARKETING_VERSION = 1.0;
				PRODUCT_BUNDLE_IDENTIFIER = com.quarantasis.CryptoApp;
				PRODUCT_NAME = "$(TARGET_NAME)";
				SUPPORTED_PLATFORMS = "iphoneos iphonesimulator";
				SUPPORTS_MACCATALYST = NO;
				SUPPORTS_MAC_DESIGNED_FOR_IPHONE_IPAD = NO;
				SWIFT_EMIT_LOC_STRINGS = YES;
				SWIFT_VERSION = 5.0;
				TARGETED_DEVICE_FAMILY = "1,2";
			};
			name = Debug;
		};
		3417D3CB2AFCFC5500CE752D /* Release */ = {
			isa = XCBuildConfiguration;
			buildSettings = {
				ASSETCATALOG_COMPILER_APPICON_NAME = AppIcon;
				ASSETCATALOG_COMPILER_GLOBAL_ACCENT_COLOR_NAME = AccentColor;
				CODE_SIGN_STYLE = Automatic;
				CURRENT_PROJECT_VERSION = 1;
				DEVELOPMENT_ASSET_PATHS = "\"CryptoApp/Preview Content\"";
				DEVELOPMENT_TEAM = 4XAMG487KR;
				ENABLE_PREVIEWS = YES;
				GENERATE_INFOPLIST_FILE = YES;
				INFOPLIST_KEY_CFBundleDisplayName = "Crypto App";
				INFOPLIST_KEY_UIApplicationSceneManifest_Generation = YES;
				INFOPLIST_KEY_UIApplicationSupportsIndirectInputEvents = YES;
				INFOPLIST_KEY_UILaunchStoryboardName = LaunchScreen.storyboard;
				INFOPLIST_KEY_UISupportedInterfaceOrientations = UIInterfaceOrientationPortrait;
				INFOPLIST_KEY_UISupportedInterfaceOrientations_iPad = "UIInterfaceOrientationPortrait UIInterfaceOrientationPortraitUpsideDown";
				LD_RUNPATH_SEARCH_PATHS = (
					"$(inherited)",
					"@executable_path/Frameworks",
				);
				MARKETING_VERSION = 1.0;
				PRODUCT_BUNDLE_IDENTIFIER = com.quarantasis.CryptoApp;
				PRODUCT_NAME = "$(TARGET_NAME)";
				SUPPORTED_PLATFORMS = "iphoneos iphonesimulator";
				SUPPORTS_MACCATALYST = NO;
				SUPPORTS_MAC_DESIGNED_FOR_IPHONE_IPAD = NO;
				SWIFT_EMIT_LOC_STRINGS = YES;
				SWIFT_VERSION = 5.0;
				TARGETED_DEVICE_FAMILY = "1,2";
			};
			name = Release;
		};
		341AFF282B0A4B8B009EFB28 /* Debug */ = {
			isa = XCBuildConfiguration;
			buildSettings = {
				BUNDLE_LOADER = "$(TEST_HOST)";
				CODE_SIGN_STYLE = Automatic;
				CURRENT_PROJECT_VERSION = 1;
				DEVELOPMENT_TEAM = 4XAMG487KR;
				GENERATE_INFOPLIST_FILE = YES;
				MARKETING_VERSION = 1.0;
				PRODUCT_BUNDLE_IDENTIFIER = com.quarantasis.CryptoAppTests;
				PRODUCT_NAME = "$(TARGET_NAME)";
				SWIFT_EMIT_LOC_STRINGS = NO;
				SWIFT_VERSION = 5.0;
				TARGETED_DEVICE_FAMILY = "1,2";
				TEST_HOST = "$(BUILT_PRODUCTS_DIR)/CryptoApp.app/$(BUNDLE_EXECUTABLE_FOLDER_PATH)/CryptoApp";
			};
			name = Debug;
		};
		341AFF292B0A4B8B009EFB28 /* Release */ = {
			isa = XCBuildConfiguration;
			buildSettings = {
				BUNDLE_LOADER = "$(TEST_HOST)";
				CODE_SIGN_STYLE = Automatic;
				CURRENT_PROJECT_VERSION = 1;
				DEVELOPMENT_TEAM = 4XAMG487KR;
				GENERATE_INFOPLIST_FILE = YES;
				MARKETING_VERSION = 1.0;
				PRODUCT_BUNDLE_IDENTIFIER = com.quarantasis.CryptoAppTests;
				PRODUCT_NAME = "$(TARGET_NAME)";
				SWIFT_EMIT_LOC_STRINGS = NO;
				SWIFT_VERSION = 5.0;
				TARGETED_DEVICE_FAMILY = "1,2";
				TEST_HOST = "$(BUILT_PRODUCTS_DIR)/CryptoApp.app/$(BUNDLE_EXECUTABLE_FOLDER_PATH)/CryptoApp";
			};
			name = Release;
		};
/* End XCBuildConfiguration section */

/* Begin XCConfigurationList section */
		3417D3B62AFCFC5100CE752D /* Build configuration list for PBXProject "CryptoApp" */ = {
			isa = XCConfigurationList;
			buildConfigurations = (
				3417D3C72AFCFC5500CE752D /* Debug */,
				3417D3C82AFCFC5500CE752D /* Release */,
			);
			defaultConfigurationIsVisible = 0;
			defaultConfigurationName = Release;
		};
		3417D3C92AFCFC5500CE752D /* Build configuration list for PBXNativeTarget "CryptoApp" */ = {
			isa = XCConfigurationList;
			buildConfigurations = (
				3417D3CA2AFCFC5500CE752D /* Debug */,
				3417D3CB2AFCFC5500CE752D /* Release */,
			);
			defaultConfigurationIsVisible = 0;
			defaultConfigurationName = Release;
		};
		341AFF2A2B0A4B8C009EFB28 /* Build configuration list for PBXNativeTarget "CryptoAppTests" */ = {
			isa = XCConfigurationList;
			buildConfigurations = (
				341AFF282B0A4B8B009EFB28 /* Debug */,
				341AFF292B0A4B8B009EFB28 /* Release */,
			);
			defaultConfigurationIsVisible = 0;
			defaultConfigurationName = Release;
		};
/* End XCConfigurationList section */

/* Begin XCVersionGroup section */
		34F305152B0BCDA80025B4AC /* PortfolioContainer.xcdatamodeld */ = {
			isa = XCVersionGroup;
			children = (
				34F305162B0BCDA80025B4AC /* PortfolioContainer.xcdatamodel */,
			);
			currentVersion = 34F305162B0BCDA80025B4AC /* PortfolioContainer.xcdatamodel */;
			path = PortfolioContainer.xcdatamodeld;
			sourceTree = "<group>";
			versionGroupType = wrapper.xcdatamodel;
		};
/* End XCVersionGroup section */
	};
	rootObject = 3417D3B32AFCFC5100CE752D /* Project object */;
}
